
Microsoft Visual Studio Solution File, Format Version 12.00
Project("{FAE04EC0-301F-11D3-BF4B-00C04F79EFBC}") = "ExcelEncountersAutofill", "ExcelEncountersAutofill.csproj", "{929B4DA2-57A0-420E-AAF7-D6D6FA220A44}"
EndProject
Global
	GlobalSection(SolutionConfigurationPlatforms) = preSolution
		Debug|Any CPU = Debug|Any CPU
		Release|Any CPU = Release|Any CPU
	EndGlobalSection
	GlobalSection(ProjectConfigurationPlatforms) = postSolution
		{929B4DA2-57A0-420E-AAF7-D6D6FA220A44}.Debug|Any CPU.ActiveCfg = Debug|Any CPU
		{929B4DA2-57A0-420E-AAF7-D6D6FA220A44}.Debug|Any CPU.Build.0 = Debug|Any CPU
		{929B4DA2-57A0-420E-AAF7-D6D6FA220A44}.Release|Any CPU.ActiveCfg = Release|Any CPU
		{929B4DA2-57A0-420E-AAF7-D6D6FA220A44}.Release|Any CPU.Build.0 = Release|Any CPU
	EndGlobalSection
EndGlobal
